
Microsoft Visual Studio Solution File, Format Version 12.00
# Visual Studio 15
VisualStudioVersion = 15.0.27428.2043
MinimumVisualStudioVersion = 10.0.40219.1
Project("{FAE04EC0-301F-11D3-BF4B-00C04F79EFBC}") = "Agency.WinFormsPL", "Agency.WinFormsPL\Agency.WinFormsPL.csproj", "{322E1B0D-5224-4330-9A38-C3854712AD53}"
EndProject
Project("{2150E333-8FDC-42A3-9474-1A3956D46DE8}") = "PL", "PL", "{C95E802E-2BD0-487D-9C4A-EA4C080BEFBB}"
EndProject
Project("{2150E333-8FDC-42A3-9474-1A3956D46DE8}") = "Entities", "Entities", "{B9ACF196-C93B-4601-948C-B21708A4226D}"
EndProject
Project("{2150E333-8FDC-42A3-9474-1A3956D46DE8}") = "DAL", "DAL", "{93C4BF50-25E0-48EB-9120-F2A568D0F93D}"
EndProject
Project("{2150E333-8FDC-42A3-9474-1A3956D46DE8}") = "BLL", "BLL", "{13626BB5-353C-46AF-BEFB-FD75F22C2E0D}"
EndProject
Project("{2150E333-8FDC-42A3-9474-1A3956D46DE8}") = "Common", "Common", "{2EC113BA-4EF6-4CF7-A1D3-3938214F9D55}"
EndProject
Project("{FAE04EC0-301F-11D3-BF4B-00C04F79EFBC}") = "Agency.Entities", "Agency.Entities\Agency.Entities.csproj", "{59AF0219-5B0A-4847-AAA4-E7AB4EE21941}"
EndProject
Project("{FAE04EC0-301F-11D3-BF4B-00C04F79EFBC}") = "Agency.DAL.Interface", "Agency.DAL.Interface\Agency.DAL.Interface.csproj", "{2096864E-28CF-4E8F-9B87-FC38A24AB418}"
EndProject
Project("{FAE04EC0-301F-11D3-BF4B-00C04F79EFBC}") = "Agency.DAL", "Agency.DAL\Agency.DAL.csproj", "{7FDA6A0E-D75E-43F0-B2C8-3EC7D19774E5}"
EndProject
Project("{FAE04EC0-301F-11D3-BF4B-00C04F79EFBC}") = "Agency.BLL.Interface", "Agency.BLL.Interface\Agency.BLL.Interface.csproj", "{194DC5CB-8634-4171-A64F-2961E5316A98}"
EndProject
Project("{FAE04EC0-301F-11D3-BF4B-00C04F79EFBC}") = "Agency.BLL", "Agency.BLL\Agency.BLL.csproj", "{1A3E0CDE-90F5-4B85-B88B-72F878F890B2}"
EndProject
Project("{FAE04EC0-301F-11D3-BF4B-00C04F79EFBC}") = "Agency.ConsolePL", "Agency.ConsolePL\Agency.ConsolePL.csproj", "{6FCDFAE8-6CB2-4F2E-BEEA-3E9D1A9D6DC8}"
EndProject
Project("{FAE04EC0-301F-11D3-BF4B-00C04F79EFBC}") = "Agency.Common", "Agency.Common\Agency.Common.csproj", "{AC2D8BFE-088A-418B-8AB7-5230A642E065}"
EndProject
Global
	GlobalSection(SolutionConfigurationPlatforms) = preSolution
		Debug|Any CPU = Debug|Any CPU
		Release|Any CPU = Release|Any CPU
	EndGlobalSection
	GlobalSection(ProjectConfigurationPlatforms) = postSolution
		{322E1B0D-5224-4330-9A38-C3854712AD53}.Debug|Any CPU.ActiveCfg = Debug|Any CPU
		{322E1B0D-5224-4330-9A38-C3854712AD53}.Debug|Any CPU.Build.0 = Debug|Any CPU
		{322E1B0D-5224-4330-9A38-C3854712AD53}.Release|Any CPU.ActiveCfg = Release|Any CPU
		{322E1B0D-5224-4330-9A38-C3854712AD53}.Release|Any CPU.Build.0 = Release|Any CPU
		{59AF0219-5B0A-4847-AAA4-E7AB4EE21941}.Debug|Any CPU.ActiveCfg = Debug|Any CPU
		{59AF0219-5B0A-4847-AAA4-E7AB4EE21941}.Debug|Any CPU.Build.0 = Debug|Any CPU
		{59AF0219-5B0A-4847-AAA4-E7AB4EE21941}.Release|Any CPU.ActiveCfg = Release|Any CPU
		{59AF0219-5B0A-4847-AAA4-E7AB4EE21941}.Release|Any CPU.Build.0 = Release|Any CPU
		{2096864E-28CF-4E8F-9B87-FC38A24AB418}.Debug|Any CPU.ActiveCfg = Debug|Any CPU
		{2096864E-28CF-4E8F-9B87-FC38A24AB418}.Debug|Any CPU.Build.0 = Debug|Any CPU
		{2096864E-28CF-4E8F-9B87-FC38A24AB418}.Release|Any CPU.ActiveCfg = Release|Any CPU
		{2096864E-28CF-4E8F-9B87-FC38A24AB418}.Release|Any CPU.Build.0 = Release|Any CPU
		{7FDA6A0E-D75E-43F0-B2C8-3EC7D19774E5}.Debug|Any CPU.ActiveCfg = Debug|Any CPU
		{7FDA6A0E-D75E-43F0-B2C8-3EC7D19774E5}.Debug|Any CPU.Build.0 = Debug|Any CPU
		{7FDA6A0E-D75E-43F0-B2C8-3EC7D19774E5}.Release|Any CPU.ActiveCfg = Release|Any CPU
		{7FDA6A0E-D75E-43F0-B2C8-3EC7D19774E5}.Release|Any CPU.Build.0 = Release|Any CPU
		{194DC5CB-8634-4171-A64F-2961E5316A98}.Debug|Any CPU.ActiveCfg = Debug|Any CPU
		{194DC5CB-8634-4171-A64F-2961E5316A98}.Debug|Any CPU.Build.0 = Debug|Any CPU
		{194DC5CB-8634-4171-A64F-2961E5316A98}.Release|Any CPU.ActiveCfg = Release|Any CPU
		{194DC5CB-8634-4171-A64F-2961E5316A98}.Release|Any CPU.Build.0 = Release|Any CPU
		{1A3E0CDE-90F5-4B85-B88B-72F878F890B2}.Debug|Any CPU.ActiveCfg = Debug|Any CPU
		{1A3E0CDE-90F5-4B85-B88B-72F878F890B2}.Debug|Any CPU.Build.0 = Debug|Any CPU
		{1A3E0CDE-90F5-4B85-B88B-72F878F890B2}.Release|Any CPU.ActiveCfg = Release|Any CPU
		{1A3E0CDE-90F5-4B85-B88B-72F878F890B2}.Release|Any CPU.Build.0 = Release|Any CPU
		{6FCDFAE8-6CB2-4F2E-BEEA-3E9D1A9D6DC8}.Debug|Any CPU.ActiveCfg = Debug|Any CPU
		{6FCDFAE8-6CB2-4F2E-BEEA-3E9D1A9D6DC8}.Debug|Any CPU.Build.0 = Debug|Any CPU
		{6FCDFAE8-6CB2-4F2E-BEEA-3E9D1A9D6DC8}.Release|Any CPU.ActiveCfg = Release|Any CPU
		{6FCDFAE8-6CB2-4F2E-BEEA-3E9D1A9D6DC8}.Release|Any CPU.Build.0 = Release|Any CPU
		{AC2D8BFE-088A-418B-8AB7-5230A642E065}.Debug|Any CPU.ActiveCfg = Debug|Any CPU
		{AC2D8BFE-088A-418B-8AB7-5230A642E065}.Debug|Any CPU.Build.0 = Debug|Any CPU
		{AC2D8BFE-088A-418B-8AB7-5230A642E065}.Release|Any CPU.ActiveCfg = Release|Any CPU
		{AC2D8BFE-088A-418B-8AB7-5230A642E065}.Release|Any CPU.Build.0 = Release|Any CPU
	EndGlobalSection
	GlobalSection(SolutionProperties) = preSolution
		HideSolutionNode = FALSE
	EndGlobalSection
	GlobalSection(NestedProjects) = preSolution
		{322E1B0D-5224-4330-9A38-C3854712AD53} = {C95E802E-2BD0-487D-9C4A-EA4C080BEFBB}
		{59AF0219-5B0A-4847-AAA4-E7AB4EE21941} = {B9ACF196-C93B-4601-948C-B21708A4226D}
		{2096864E-28CF-4E8F-9B87-FC38A24AB418} = {93C4BF50-25E0-48EB-9120-F2A568D0F93D}
		{7FDA6A0E-D75E-43F0-B2C8-3EC7D19774E5} = {93C4BF50-25E0-48EB-9120-F2A568D0F93D}
		{194DC5CB-8634-4171-A64F-2961E5316A98} = {13626BB5-353C-46AF-BEFB-FD75F22C2E0D}
		{1A3E0CDE-90F5-4B85-B88B-72F878F890B2} = {13626BB5-353C-46AF-BEFB-FD75F22C2E0D}
		{6FCDFAE8-6CB2-4F2E-BEEA-3E9D1A9D6DC8} = {C95E802E-2BD0-487D-9C4A-EA4C080BEFBB}
		{AC2D8BFE-088A-418B-8AB7-5230A642E065} = {2EC113BA-4EF6-4CF7-A1D3-3938214F9D55}
	EndGlobalSection
	GlobalSection(ExtensibilityGlobals) = postSolution
		SolutionGuid = {76DAEFE7-15D2-43DB-AFA4-8A09FEE30CA4}
	EndGlobalSection
EndGlobal
